
Microsoft Visual Studio Solution File, Format Version 12.00
# Visual Studio Version 17
VisualStudioVersion = 17.8.34330.188
MinimumVisualStudioVersion = 10.0.40219.1
Project("{FAE04EC0-301F-11D3-BF4B-00C04F79EFBC}") = "PaymentService", "PaymentService\PaymentService.csproj", "{A21630E2-E4C1-497A-8442-F92DE0EA481B}"
EndProject
Project("{FAE04EC0-301F-11D3-BF4B-00C04F79EFBC}") = "NotificationService", "NotificationService\NotificationService.csproj", "{89356260-1941-4AE4-B557-FD3544A5B062}"
EndProject
Project("{FAE04EC0-301F-11D3-BF4B-00C04F79EFBC}") = "APIGateway", "APIGateway\APIGateway.csproj", "{B2605434-638F-4E12-8C9D-B4AA1A655520}"
EndProject
Global
	GlobalSection(SolutionConfigurationPlatforms) = preSolution
		Debug|Any CPU = Debug|Any CPU
		Release|Any CPU = Release|Any CPU
	EndGlobalSection
	GlobalSection(ProjectConfigurationPlatforms) = postSolution
		{A21630E2-E4C1-497A-8442-F92DE0EA481B}.Debug|Any CPU.ActiveCfg = Debug|Any CPU
		{A21630E2-E4C1-497A-8442-F92DE0EA481B}.Debug|Any CPU.Build.0 = Debug|Any CPU
		{A21630E2-E4C1-497A-8442-F92DE0EA481B}.Release|Any CPU.ActiveCfg = Release|Any CPU
		{A21630E2-E4C1-497A-8442-F92DE0EA481B}.Release|Any CPU.Build.0 = Release|Any CPU
		{89356260-1941-4AE4-B557-FD3544A5B062}.Debug|Any CPU.ActiveCfg = Debug|Any CPU
		{89356260-1941-4AE4-B557-FD3544A5B062}.Debug|Any CPU.Build.0 = Debug|Any CPU
		{89356260-1941-4AE4-B557-FD3544A5B062}.Release|Any CPU.ActiveCfg = Release|Any CPU
		{89356260-1941-4AE4-B557-FD3544A5B062}.Release|Any CPU.Build.0 = Release|Any CPU
		{B2605434-638F-4E12-8C9D-B4AA1A655520}.Debug|Any CPU.ActiveCfg = Debug|Any CPU
		{B2605434-638F-4E12-8C9D-B4AA1A655520}.Debug|Any CPU.Build.0 = Debug|Any CPU
		{B2605434-638F-4E12-8C9D-B4AA1A655520}.Release|Any CPU.ActiveCfg = Release|Any CPU
		{B2605434-638F-4E12-8C9D-B4AA1A655520}.Release|Any CPU.Build.0 = Release|Any CPU
	EndGlobalSection
	GlobalSection(SolutionProperties) = preSolution
		HideSolutionNode = FALSE
	EndGlobalSection
	GlobalSection(ExtensibilityGlobals) = postSolution
		SolutionGuid = {498CF592-F29E-4814-AC1E-5164397203BE}
	EndGlobalSection
EndGlobal
